// !$*UTF8*$!
{
	archiveVersion = 1;
	classes = {
	};
	objectVersion = 55;
	objects = {

/* Begin PBXBuildFile section */
		3C31FD4C276D1C62000D6DB4 /* WeatherAppApp.swift in Sources */ = {isa = PBXBuildFile; fileRef = 3C31FD4B276D1C62000D6DB4 /* WeatherAppApp.swift */; };
		3C31FD4E276D1C62000D6DB4 /* ContentView.swift in Sources */ = {isa = PBXBuildFile; fileRef = 3C31FD4D276D1C62000D6DB4 /* ContentView.swift */; };
		3C31FD50276D1C64000D6DB4 /* Assets.xcassets in Resources */ = {isa = PBXBuildFile; fileRef = 3C31FD4F276D1C64000D6DB4 /* Assets.xcassets */; };
		3C31FD53276D1C64000D6DB4 /* Preview Assets.xcassets in Resources */ = {isa = PBXBuildFile; fileRef = 3C31FD52276D1C64000D6DB4 /* Preview Assets.xcassets */; };
		3C31FD5B276D1E1C000D6DB4 /* LocationManager.swift in Sources */ = {isa = PBXBuildFile; fileRef = 3C31FD5A276D1E1C000D6DB4 /* LocationManager.swift */; };
		3C31FD5E276D3D6C000D6DB4 /* WelcomeView.swift in Sources */ = {isa = PBXBuildFile; fileRef = 3C31FD5D276D3D6C000D6DB4 /* WelcomeView.swift */; };
		3C533DAB28735FD200E0F42E /* Extensions.swift in Sources */ = {isa = PBXBuildFile; fileRef = 3C533DAA28735FD200E0F42E /* Extensions.swift */; };
		3C5BDE502777795000908342 /* WeatherView.swift in Sources */ = {isa = PBXBuildFile; fileRef = 3C5BDE4F2777795000908342 /* WeatherView.swift */; };
		3C5BDE5227777BD500908342 /* ModelData.swift in Sources */ = {isa = PBXBuildFile; fileRef = 3C5BDE5127777BD500908342 /* ModelData.swift */; };
		3C5BDE5427777BF500908342 /* weatherData.json in Resources */ = {isa = PBXBuildFile; fileRef = 3C5BDE5327777BF500908342 /* weatherData.json */; };
		3CB6C8D62879B8C300C75C5C /* WeatherRow.swift in Sources */ = {isa = PBXBuildFile; fileRef = 3CB6C8D52879B8C300C75C5C /* WeatherRow.swift */; };
		3CED8F3C276F80C30032FFE4 /* LoadingView.swift in Sources */ = {isa = PBXBuildFile; fileRef = 3CED8F3B276F80C30032FFE4 /* LoadingView.swift */; };
		3CED8F3E276F82DB0032FFE4 /* WeatherManager.swift in Sources */ = {isa = PBXBuildFile; fileRef = 3CED8F3D276F82DB0032FFE4 /* WeatherManager.swift */; };
/* End PBXBuildFile section */

/* Begin PBXFileReference section */
		3C31FD48276D1C62000D6DB4 /* WeatherApp.app */ = {isa = PBXFileReference; explicitFileType = wrapper.application; includeInIndex = 0; path = WeatherApp.app; sourceTree = BUILT_PRODUCTS_DIR; };
		3C31FD4B276D1C62000D6DB4 /* WeatherAppApp.swift */ = {isa = PBXFileReference; lastKnownFileType = sourcecode.swift; path = WeatherAppApp.swift; sourceTree = "<group>"; };
		3C31FD4D276D1C62000D6DB4 /* ContentView.swift */ = {isa = PBXFileReference; lastKnownFileType = sourcecode.swift; path = ContentView.swift; sourceTree = "<group>"; };
		3C31FD4F276D1C64000D6DB4 /* Assets.xcassets */ = {isa = PBXFileReference; lastKnownFileType = folder.assetcatalog; path = Assets.xcassets; sourceTree = "<group>"; };
		3C31FD52276D1C64000D6DB4 /* Preview Assets.xcassets */ = {isa = PBXFileReference; lastKnownFileType = folder.assetcatalog; path = "Preview Assets.xcassets"; sourceTree = "<group>"; };
		3C31FD5A276D1E1C000D6DB4 /* LocationManager.swift */ = {isa = PBXFileReference; lastKnownFileType = sourcecode.swift; path = LocationManager.swift; sourceTree = "<group>"; };
		3C31FD5D276D3D6C000D6DB4 /* WelcomeView.swift */ = {isa = PBXFileReference; lastKnownFileType = sourcecode.swift; path = WelcomeView.swift; sourceTree = "<group>"; };
		3C533DAA28735FD200E0F42E /* Extensions.swift */ = {isa = PBXFileReference; lastKnownFileType = sourcecode.swift; path = Extensions.swift; sourceTree = "<group>"; };
		3C5BDE4F2777795000908342 /* WeatherView.swift */ = {isa = PBXFileReference; lastKnownFileType = sourcecode.swift; path = WeatherView.swift; sourceTree = "<group>"; };
		3C5BDE5127777BD500908342 /* ModelData.swift */ = {isa = PBXFileReference; lastKnownFileType = sourcecode.swift; path = ModelData.swift; sourceTree = "<group>"; };
		3C5BDE5327777BF500908342 /* weatherData.json */ = {isa = PBXFileReference; lastKnownFileType = text.json; path = weatherData.json; sourceTree = "<group>"; };
		3CB6C8D52879B8C300C75C5C /* WeatherRow.swift */ = {isa = PBXFileReference; lastKnownFileType = sourcecode.swift; path = WeatherRow.swift; sourceTree = "<group>"; };
		3CED8F3B276F80C30032FFE4 /* LoadingView.swift */ = {isa = PBXFileReference; lastKnownFileType = sourcecode.swift; path = LoadingView.swift; sourceTree = "<group>"; };
		3CED8F3D276F82DB0032FFE4 /* WeatherManager.swift */ = {isa = PBXFileReference; lastKnownFileType = sourcecode.swift; path = WeatherManager.swift; sourceTree = "<group>"; };
/* End PBXFileReference section */

/* Begin PBXFrameworksBuildPhase section */
		3C31FD45276D1C62000D6DB4 /* Frameworks */ = {
			isa = PBXFrameworksBuildPhase;
			buildActionMask = 2147483647;
			files = (
			);
			runOnlyForDeploymentPostprocessing = 0;
		};
/* End PBXFrameworksBuildPhase section */

/* Begin PBXGroup section */
		3C31FD3F276D1C62000D6DB4 = {
			isa = PBXGroup;
			children = (
				3C31FD4A276D1C62000D6DB4 /* WeatherApp */,
				3C31FD49276D1C62000D6DB4 /* Products */,
			);
			sourceTree = "<group>";
		};
		3C31FD49276D1C62000D6DB4 /* Products */ = {
			isa = PBXGroup;
			children = (
				3C31FD48276D1C62000D6DB4 /* WeatherApp.app */,
			);
			name = Products;
			sourceTree = "<group>";
		};
		3C31FD4A276D1C62000D6DB4 /* WeatherApp */ = {
			isa = PBXGroup;
			children = (
				3C31FD4B276D1C62000D6DB4 /* WeatherAppApp.swift */,
				3C31FD5C276D21F9000D6DB4 /* Views */,
				3C31FD59276D1DF7000D6DB4 /* Managers */,
				3C31FD4F276D1C64000D6DB4 /* Assets.xcassets */,
				3CB6C8D42879B8A300C75C5C /* Components */,
				3C31FD51276D1C64000D6DB4 /* Preview Content */,
				3C533DAA28735FD200E0F42E /* Extensions.swift */,
			);
			path = WeatherApp;
			sourceTree = "<group>";
		};
		3C31FD51276D1C64000D6DB4 /* Preview Content */ = {
			isa = PBXGroup;
			children = (
				3C31FD52276D1C64000D6DB4 /* Preview Assets.xcassets */,
				3C5BDE5127777BD500908342 /* ModelData.swift */,
				3C5BDE5327777BF500908342 /* weatherData.json */,
			);
			path = "Preview Content";
			sourceTree = "<group>";
		};
		3C31FD59276D1DF7000D6DB4 /* Managers */ = {
			isa = PBXGroup;
			children = (
				3C31FD5A276D1E1C000D6DB4 /* LocationManager.swift */,
				3CED8F3D276F82DB0032FFE4 /* WeatherManager.swift */,
			);
			path = Managers;
			sourceTree = "<group>";
		};
		3C31FD5C276D21F9000D6DB4 /* Views */ = {
			isa = PBXGroup;
			children = (
				3C31FD4D276D1C62000D6DB4 /* ContentView.swift */,
				3C31FD5D276D3D6C000D6DB4 /* WelcomeView.swift */,
				3CED8F3B276F80C30032FFE4 /* LoadingView.swift */,
				3C5BDE4F2777795000908342 /* WeatherView.swift */,
			);
			path = Views;
			sourceTree = "<group>";
		};
		3CB6C8D42879B8A300C75C5C /* Components */ = {
			isa = PBXGroup;
			children = (
				3CB6C8D52879B8C300C75C5C /* WeatherRow.swift */,
			);
			path = Components;
			sourceTree = "<group>";
		};
/* End PBXGroup section */

/* Begin PBXNativeTarget section */
		3C31FD47276D1C62000D6DB4 /* WeatherApp */ = {
			isa = PBXNativeTarget;
			buildConfigurationList = 3C31FD56276D1C64000D6DB4 /* Build configuration list for PBXNativeTarget "WeatherApp" */;
			buildPhases = (
				3C31FD44276D1C62000D6DB4 /* Sources */,
				3C31FD45276D1C62000D6DB4 /* Frameworks */,
				3C31FD46276D1C62000D6DB4 /* Resources */,
			);
			buildRules = (
			);
			dependencies = (
			);
			name = WeatherApp;
			productName = WeatherApp;
			productReference = 3C31FD48276D1C62000D6DB4 /* WeatherApp.app */;
			productType = "com.apple.product-type.application";
		};
/* End PBXNativeTarget section */

/* Begin PBXProject section */
		3C31FD40276D1C62000D6DB4 /* Project object */ = {
			isa = PBXProject;
			attributes = {
				BuildIndependentTargetsInParallel = 1;
				LastSwiftUpdateCheck = 1310;
				LastUpgradeCheck = 1310;
				TargetAttributes = {
					3C31FD47276D1C62000D6DB4 = {
						CreatedOnToolsVersion = 13.1;
					};
				};
			};
			buildConfigurationList = 3C31FD43276D1C62000D6DB4 /* Build configuration list for PBXProject "WeatherApp" */;
			compatibilityVersion = "Xcode 13.0";
			developmentRegion = en;
			hasScannedForEncodings = 0;
			knownRegions = (
				en,
				Base,
			);
			mainGroup = 3C31FD3F276D1C62000D6DB4;
			productRefGroup = 3C31FD49276D1C62000D6DB4 /* Products */;
			projectDirPath = "";
			projectRoot = "";
			targets = (
				3C31FD47276D1C62000D6DB4 /* WeatherApp */,
			);
		};
/* End PBXProject section */

/* Begin PBXResourcesBuildPhase section */
		3C31FD46276D1C62000D6DB4 /* Resources */ = {
			isa = PBXResourcesBuildPhase;
			buildActionMask = 2147483647;
			files = (
				3C31FD53276D1C64000D6DB4 /* Preview Assets.xcassets in Resources */,
				3C5BDE5427777BF500908342 /* weatherData.json in Resources */,
				3C31FD50276D1C64000D6DB4 /* Assets.xcassets in Resources */,
			);
			runOnlyForDeploymentPostprocessing = 0;
		};
/* End PBXResourcesBuildPhase section */

/* Begin PBXSourcesBuildPhase section */
		3C31FD44276D1C62000D6DB4 /* Sources */ = {
			isa = PBXSourcesBuildPhase;
			buildActionMask = 2147483647;
			files = (
				3CED8F3E276F82DB0032FFE4 /* WeatherManager.swift in Sources */,
				3C533DAB28735FD200E0F42E /* Extensions.swift in Sources */,
				3C31FD4E276D1C62000D6DB4 /* ContentView.swift in Sources */,
				3C31FD4C276D1C62000D6DB4 /* WeatherAppApp.swift in Sources */,
				3C31FD5B276D1E1C000D6DB4 /* LocationManager.swift in Sources */,
				3CB6C8D62879B8C300C75C5C /* WeatherRow.swift in Sources */,
				3CED8F3C276F80C30032FFE4 /* LoadingView.swift in Sources */,
				3C5BDE5227777BD500908342 /* ModelData.swift in Sources */,
				3C5BDE502777795000908342 /* WeatherView.swift in Sources */,
				3C31FD5E276D3D6C000D6DB4 /* WelcomeView.swift in Sources */,
			);
			runOnlyForDeploymentPostprocessing = 0;
		};
/* End PBXSourcesBuildPhase section */

/* Begin XCBuildConfiguration section */
		3C31FD54276D1C64000D6DB4 /* Debug */ = {
			isa = XCBuildConfiguration;
			buildSettings = {
				ALWAYS_SEARCH_USER_PATHS = NO;
				CLANG_ANALYZER_NONNULL = YES;
				CLANG_ANALYZER_NUMBER_OBJECT_CONVERSION = YES_AGGRESSIVE;
				CLANG_CXX_LANGUAGE_STANDARD = "gnu++17";
				CLANG_CXX_LIBRARY = "libc++";
				CLANG_ENABLE_MODULES = YES;
				CLANG_ENABLE_OBJC_ARC = YES;
				CLANG_ENABLE_OBJC_WEAK = YES;
				CLANG_WARN_BLOCK_CAPTURE_AUTORELEASING = YES;
				CLANG_WARN_BOOL_CONVERSION = YES;
				CLANG_WARN_COMMA = YES;
				CLANG_WARN_CONSTANT_CONVERSION = YES;
				CLANG_WARN_DEPRECATED_OBJC_IMPLEMENTATIONS = YES;
				CLANG_WARN_DIRECT_OBJC_ISA_USAGE = YES_ERROR;
				CLANG_WARN_DOCUMENTATION_COMMENTS = YES;
				CLANG_WARN_EMPTY_BODY = YES;
				CLANG_WARN_ENUM_CONVERSION = YES;
				CLANG_WARN_INFINITE_RECURSION = YES;
				CLANG_WARN_INT_CONVERSION = YES;
				CLANG_WARN_NON_LITERAL_NULL_CONVERSION = YES;
				CLANG_WARN_OBJC_IMPLICIT_RETAIN_SELF = YES;
				CLANG_WARN_OBJC_LITERAL_CONVERSION = YES;
				CLANG_WARN_OBJC_ROOT_CLASS = YES_ERROR;
				CLANG_WARN_QUOTED_INCLUDE_IN_FRAMEWORK_HEADER = YES;
				CLANG_WARN_RANGE_LOOP_ANALYSIS = YES;
				CLANG_WARN_STRICT_PROTOTYPES = YES;
				CLANG_WARN_SUSPICIOUS_MOVE = YES;
				CLANG_WARN_UNGUARDED_AVAILABILITY = YES_AGGRESSIVE;
				CLANG_WARN_UNREACHABLE_CODE = YES;
				CLANG_WARN__DUPLICATE_METHOD_MATCH = YES;
				COPY_PHASE_STRIP = NO;
				DEBUG_INFORMATION_FORMAT = dwarf;
				ENABLE_STRICT_OBJC_MSGSEND = YES;
				ENABLE_TESTABILITY = YES;
				GCC_C_LANGUAGE_STANDARD = gnu11;
				GCC_DYNAMIC_NO_PIC = NO;
				GCC_NO_COMMON_BLOCKS = YES;
				GCC_OPTIMIZATION_LEVEL = 0;
				GCC_PREPROCESSOR_DEFINITIONS = (
					"DEBUG=1",
					"$(inherited)",
				);
				GCC_WARN_64_TO_32_BIT_CONVERSION = YES;
				GCC_WARN_ABOUT_RETURN_TYPE = YES_ERROR;
				GCC_WARN_UNDECLARED_SELECTOR = YES;
				GCC_WARN_UNINITIALIZED_AUTOS = YES_AGGRESSIVE;
				GCC_WARN_UNUSED_FUNCTION = YES;
				GCC_WARN_UNUSED_VARIABLE = YES;
				IPHONEOS_DEPLOYMENT_TARGET = 15.2;
				MTL_ENABLE_DEBUG_INFO = INCLUDE_SOURCE;
				MTL_FAST_MATH = YES;
				ONLY_ACTIVE_ARCH = YES;
				SDKROOT = iphoneos;
				SWIFT_ACTIVE_COMPILATION_CONDITIONS = DEBUG;
				SWIFT_OPTIMIZATION_LEVEL = "-Onone";
			};
			name = Debug;
		};
		3C31FD55276D1C64000D6DB4 /* Release */ = {
			isa = XCBuildConfiguration;
			buildSettings = {
				ALWAYS_SEARCH_USER_PATHS = NO;
				CLANG_ANALYZER_NONNULL = YES;
				CLANG_ANALYZER_NUMBER_OBJECT_CONVERSION = YES_AGGRESSIVE;
				CLANG_CXX_LANGUAGE_STANDARD = "gnu++17";
				CLANG_CXX_LIBRARY = "libc++";
				CLANG_ENABLE_MODULES = YES;
				CLANG_ENABLE_OBJC_ARC = YES;
				CLANG_ENABLE_OBJC_WEAK = YES;
				CLANG_WARN_BLOCK_CAPTURE_AUTORELEASING = YES;
				CLANG_WARN_BOOL_CONVERSION = YES;
				CLANG_WARN_COMMA = YES;
				CLANG_WARN_CONSTANT_CONVERSION = YES;
				CLANG_WARN_DEPRECATED_OBJC_IMPLEMENTATIONS = YES;
				CLANG_WARN_DIRECT_OBJC_ISA_USAGE = YES_ERROR;
				CLANG_WARN_DOCUMENTATION_COMMENTS = YES;
				CLANG_WARN_EMPTY_BODY = YES;
				CLANG_WARN_ENUM_CONVERSION = YES;
				CLANG_WARN_INFINITE_RECURSION = YES;
				CLANG_WARN_INT_CONVERSION = YES;
				CLANG_WARN_NON_LITERAL_NULL_CONVERSION = YES;
				CLANG_WARN_OBJC_IMPLICIT_RETAIN_SELF = YES;
				CLANG_WARN_OBJC_LITERAL_CONVERSION = YES;
				CLANG_WARN_OBJC_ROOT_CLASS = YES_ERROR;
				CLANG_WARN_QUOTED_INCLUDE_IN_FRAMEWORK_HEADER = YES;
				CLANG_WARN_RANGE_LOOP_ANALYSIS = YES;
				CLANG_WARN_STRICT_PROTOTYPES = YES;
				CLANG_WARN_SUSPICIOUS_MOVE = YES;
				CLANG_WARN_UNGUARDED_AVAILABILITY = YES_AGGRESSIVE;
				CLANG_WARN_UNREACHABLE_CODE = YES;
				CLANG_WARN__DUPLICATE_METHOD_MATCH = YES;
				COPY_PHASE_STRIP = NO;
				DEBUG_INFORMATION_FORMAT = "dwarf-with-dsym";
				ENABLE_NS_ASSERTIONS = NO;
				ENABLE_STRICT_OBJC_MSGSEND = YES;
				GCC_C_LANGUAGE_STANDARD = gnu11;
				GCC_NO_COMMON_BLOCKS = YES;
				GCC_WARN_64_TO_32_BIT_CONVERSION = YES;
				GCC_WARN_ABOUT_RETURN_TYPE = YES_ERROR;
				GCC_WARN_UNDECLARED_SELECTOR = YES;
				GCC_WARN_UNINITIALIZED_AUTOS = YES_AGGRESSIVE;
				GCC_WARN_UNUSED_FUNCTION = YES;
				GCC_WARN_UNUSED_VARIABLE = YES;
				IPHONEOS_DEPLOYMENT_TARGET = 15.2;
				MTL_ENABLE_DEBUG_INFO = NO;
				MTL_FAST_MATH = YES;
				SDKROOT = iphoneos;
				SWIFT_COMPILATION_MODE = wholemodule;
				SWIFT_OPTIMIZATION_LEVEL = "-O";
				VALIDATE_PRODUCT = YES;
			};
			name = Release;
		};
		3C31FD57276D1C64000D6DB4 /* Debug */ = {
			isa = XCBuildConfiguration;
			buildSettings = {
				ASSETCATALOG_COMPILER_APPICON_NAME = AppIcon;
				ASSETCATALOG_COMPILER_GLOBAL_ACCENT_COLOR_NAME = AccentColor;
				CODE_SIGN_STYLE = Automatic;
				CURRENT_PROJECT_VERSION = 1;
				DEVELOPMENT_ASSET_PATHS = "\"WeatherApp/Preview Content\"";
				DEVELOPMENT_TEAM = BLUPC8CXSJ;
				ENABLE_PREVIEWS = YES;
				GENERATE_INFOPLIST_FILE = YES;
				INFOPLIST_KEY_UIApplicationSceneManifest_Generation = YES;
				INFOPLIST_KEY_UIApplicationSupportsIndirectInputEvents = YES;
				INFOPLIST_KEY_UILaunchScreen_Generation = YES;
				INFOPLIST_KEY_UISupportedInterfaceOrientations_iPad = "UIInterfaceOrientationPortrait UIInterfaceOrientationPortraitUpsideDown UIInterfaceOrientationLandscapeLeft UIInterfaceOrientationLandscapeRight";
				INFOPLIST_KEY_UISupportedInterfaceOrientations_iPhone = "UIInterfaceOrientationPortrait UIInterfaceOrientationLandscapeLeft UIInterfaceOrientationLandscapeRight";
				LD_RUNPATH_SEARCH_PATHS = (
					"$(inherited)",
					"@executable_path/Frameworks",
				);
				MARKETING_VERSION = 1.0;
				PRODUCT_BUNDLE_IDENTIFIER = io.vikto.p.WeatherApp;
				PRODUCT_NAME = "$(TARGET_NAME)";
				SWIFT_EMIT_LOC_STRINGS = YES;
				SWIFT_VERSION = 5.0;
				TARGETED_DEVICE_FAMILY = "1,2";
			};
			name = Debug;
		};
		3C31FD58276D1C64000D6DB4 /* Release */ = {
			isa = XCBuildConfiguration;
			buildSettings = {
				ASSETCATALOG_COMPILER_APPICON_NAME = AppIcon;
				ASSETCATALOG_COMPILER_GLOBAL_ACCENT_COLOR_NAME = AccentColor;
				CODE_SIGN_STYLE = Automatic;
				CURRENT_PROJECT_VERSION = 1;
				DEVELOPMENT_ASSET_PATHS = "\"WeatherApp/Preview Content\"";
				DEVELOPMENT_TEAM = BLUPC8CXSJ;
				ENABLE_PREVIEWS = YES;
				GENERATE_INFOPLIST_FILE = YES;
				INFOPLIST_KEY_UIApplicationSceneManifest_Generation = YES;
				INFOPLIST_KEY_UIApplicationSupportsIndirectInputEvents = YES;
				INFOPLIST_KEY_UILaunchScreen_Generation = YES;
				INFOPLIST_KEY_UISupportedInterfaceOrientations_iPad = "UIInterfaceOrientationPortrait UIInterfaceOrientationPortraitUpsideDown UIInterfaceOrientationLandscapeLeft UIInterfaceOrientationLandscapeRight";
				INFOPLIST_KEY_UISupportedInterfaceOrientations_iPhone = "UIInterfaceOrientationPortrait UIInterfaceOrientationLandscapeLeft UIInterfaceOrientationLandscapeRight";
				LD_RUNPATH_SEARCH_PATHS = (
					"$(inherited)",
					"@executable_path/Frameworks",
				);
				MARKETING_VERSION = 1.0;
				PRODUCT_BUNDLE_IDENTIFIER = io.vikto.p.WeatherApp;
				PRODUCT_NAME = "$(TARGET_NAME)";
				SWIFT_EMIT_LOC_STRINGS = YES;
				SWIFT_VERSION = 5.0;
				TARGETED_DEVICE_FAMILY = "1,2";
			};
			name = Release;
		};
/* End XCBuildConfiguration section */

/* Begin XCConfigurationList section */
		3C31FD43276D1C62000D6DB4 /* Build configuration list for PBXProject "WeatherApp" */ = {
			isa = XCConfigurationList;
			buildConfigurations = (
				3C31FD54276D1C64000D6DB4 /* Debug */,
				3C31FD55276D1C64000D6DB4 /* Release */,
			);
			defaultConfigurationIsVisible = 0;
			defaultConfigurationName = Release;
		};
		3C31FD56276D1C64000D6DB4 /* Build configuration list for PBXNativeTarget "WeatherApp" */ = {
			isa = XCConfigurationList;
			buildConfigurations = (
				3C31FD57276D1C64000D6DB4 /* Debug */,
				3C31FD58276D1C64000D6DB4 /* Release */,
			);
			defaultConfigurationIsVisible = 0;
			defaultConfigurationName = Release;
		};
/* End XCConfigurationList section */
	};
	rootObject = 3C31FD40276D1C62000D6DB4 /* Project object */;
}
